
Microsoft Visual Studio Solution File, Format Version 12.00
# Visual Studio 15
VisualStudioVersion = 15.0.26430.6
MinimumVisualStudioVersion = 10.0.40219.1
Project("{FAE04EC0-301F-11D3-BF4B-00C04F79EFBC}") = "WinSocketServer", "WinSocketServer\WinSocketServer.csproj", "{CF48DF49-B197-411B-8A14-93D979E3037A}"
EndProject
Project("{FAE04EC0-301F-11D3-BF4B-00C04F79EFBC}") = "WinSocketClient", "WinSocketClient\WinSocketClient.csproj", "{A8C700E2-AD6D-4FDE-B806-7C56B51AEF18}"
EndProject
Global
	GlobalSection(SolutionConfigurationPlatforms) = preSolution
		Debug|Any CPU = Debug|Any CPU
		Release|Any CPU = Release|Any CPU
	EndGlobalSection
	GlobalSection(ProjectConfigurationPlatforms) = postSolution
		{CF48DF49-B197-411B-8A14-93D979E3037A}.Debug|Any CPU.ActiveCfg = Debug|Any CPU
		{CF48DF49-B197-411B-8A14-93D979E3037A}.Debug|Any CPU.Build.0 = Debug|Any CPU
		{CF48DF49-B197-411B-8A14-93D979E3037A}.Release|Any CPU.ActiveCfg = Release|Any CPU
		{CF48DF49-B197-411B-8A14-93D979E3037A}.Release|Any CPU.Build.0 = Release|Any CPU
		{A8C700E2-AD6D-4FDE-B806-7C56B51AEF18}.Debug|Any CPU.ActiveCfg = Debug|Any CPU
		{A8C700E2-AD6D-4FDE-B806-7C56B51AEF18}.Debug|Any CPU.Build.0 = Debug|Any CPU
		{A8C700E2-AD6D-4FDE-B806-7C56B51AEF18}.Release|Any CPU.ActiveCfg = Release|Any CPU
		{A8C700E2-AD6D-4FDE-B806-7C56B51AEF18}.Release|Any CPU.Build.0 = Release|Any CPU
	EndGlobalSection
	GlobalSection(SolutionProperties) = preSolution
		HideSolutionNode = FALSE
	EndGlobalSection
EndGlobal
