
Microsoft Visual Studio Solution File, Format Version 12.00
# Visual Studio 15
VisualStudioVersion = 15.0.26430.6
MinimumVisualStudioVersion = 10.0.40219.1
Project("{FAE04EC0-301F-11D3-BF4B-00C04F79EFBC}") = "Server", "Server\Server.csproj", "{B917847F-AF00-4A49-9737-EEEFD5691616}"
EndProject
Project("{FAE04EC0-301F-11D3-BF4B-00C04F79EFBC}") = "Client", "Client\Client.csproj", "{6BE9BF5B-FDD9-4A4D-8021-4AEA8E00AED7}"
EndProject
Global
	GlobalSection(SolutionConfigurationPlatforms) = preSolution
		Debug|Any CPU = Debug|Any CPU
		Release|Any CPU = Release|Any CPU
	EndGlobalSection
	GlobalSection(ProjectConfigurationPlatforms) = postSolution
		{B917847F-AF00-4A49-9737-EEEFD5691616}.Debug|Any CPU.ActiveCfg = Debug|Any CPU
		{B917847F-AF00-4A49-9737-EEEFD5691616}.Debug|Any CPU.Build.0 = Debug|Any CPU
		{B917847F-AF00-4A49-9737-EEEFD5691616}.Release|Any CPU.ActiveCfg = Release|Any CPU
		{B917847F-AF00-4A49-9737-EEEFD5691616}.Release|Any CPU.Build.0 = Release|Any CPU
		{6BE9BF5B-FDD9-4A4D-8021-4AEA8E00AED7}.Debug|Any CPU.ActiveCfg = Debug|Any CPU
		{6BE9BF5B-FDD9-4A4D-8021-4AEA8E00AED7}.Debug|Any CPU.Build.0 = Debug|Any CPU
		{6BE9BF5B-FDD9-4A4D-8021-4AEA8E00AED7}.Release|Any CPU.ActiveCfg = Release|Any CPU
		{6BE9BF5B-FDD9-4A4D-8021-4AEA8E00AED7}.Release|Any CPU.Build.0 = Release|Any CPU
	EndGlobalSection
	GlobalSection(SolutionProperties) = preSolution
		HideSolutionNode = FALSE
	EndGlobalSection
EndGlobal
